<?xml version="1.0" encoding="utf-8"?>
<Project ToolsVersion="4.0" xmlns="http://schemas.microsoft.com/developer/msbuild/2003">
  <ItemGroup>
    <Filter Include="Common">
      <UniqueIdentifier>{b8178748-9d5a-4d93-ada7-51ce00f5da2f}</UniqueIdentifier>
    </Filter>
    <Filter Include="JSONparser">
      <UniqueIdentifier>{73613a2b-74b9-47b2-9eb1-adfae9c53961}</UniqueIdentifier>
    </Filter>
    <Filter Include="TestFiles">
      <UniqueIdentifier>{d0c3622e-01bc-47c4-a8ff-c4115414bc18}</UniqueIdentifier>
    </Filter>
  </ItemGroup>
  <ItemGroup>
    <ClCompile Include="src\main.cpp">
      <Filter>JSONparser</Filter>
    </ClCompile>
    <ClCompile Include="src\Common\file.cpp">
      <Filter>Common</Filter>
    </ClCompile>
    <ClCompile Include="src\json.cpp">
      <Filter>JSONparser</Filter>
    </ClCompile>
  </ItemGroup>
  <ItemGroup>
    <ClInclude Include="src\Common\file.h">
      <Filter>Common</Filter>
    </ClInclude>
    <ClInclude Include="src\json.h">
      <Filter>JSONparser</Filter>
    </ClInclude>
  </ItemGroup>
  <ItemGroup>
    <Text Include="testFiles\temp.txt">
      <Filter>TestFiles</Filter>
    </Text>
  </ItemGroup>
</Project>